
Microsoft Visual Studio Solution File, Format Version 12.00
# Visual Studio Version 17
VisualStudioVersion = 17.2.32616.157
MinimumVisualStudioVersion = 10.0.40219.1
Project("{9A19103F-16F7-4668-BE54-9A1E7A4F7556}") = "AnvuEcommerce.Domain", "src\AnvuEcommerce.Domain\AnvuEcommerce.Domain.csproj", "{554AD327-6DBA-4F8F-96F8-81CE7A0C863F}"
EndProject
Project("{9A19103F-16F7-4668-BE54-9A1E7A4F7556}") = "AnvuEcommerce.EntityFrameworkCore", "src\AnvuEcommerce.EntityFrameworkCore\AnvuEcommerce.EntityFrameworkCore.csproj", "{C956DD76-69C8-4A9C-83EA-D17DF83340FD}"
EndProject
Project("{2150E333-8FDC-42A3-9474-1A3956D46DE8}") = "src", "src", "{CA9AC87F-097E-4F15-8393-4BC07735A5B0}"
EndProject
Project("{2150E333-8FDC-42A3-9474-1A3956D46DE8}") = "test", "test", "{04DBDB01-70F4-4E06-B468-8F87850B22BE}"
EndProject
Project("{9A19103F-16F7-4668-BE54-9A1E7A4F7556}") = "AnvuEcommerce.Domain.Shared", "src\AnvuEcommerce.Domain.Shared\AnvuEcommerce.Domain.Shared.csproj", "{42F719ED-8413-4895-B5B4-5AB56079BC66}"
EndProject
Project("{9A19103F-16F7-4668-BE54-9A1E7A4F7556}") = "AnvuEcommerce.AuthServer", "src\AnvuEcommerce.AuthServer\AnvuEcommerce.AuthServer.csproj", "{073C361E-B8F4-49F5-93CC-72A3FF49C026}"
EndProject
Project("{9A19103F-16F7-4668-BE54-9A1E7A4F7556}") = "AnvuEcommerce.EntityFrameworkCore.Tests", "test\AnvuEcommerce.EntityFrameworkCore.Tests\AnvuEcommerce.EntityFrameworkCore.Tests.csproj", "{1FE30EB9-74A9-47F5-A9F6-7B1FAB672D81}"
EndProject
Project("{9A19103F-16F7-4668-BE54-9A1E7A4F7556}") = "AnvuEcommerce.TestBase", "test\AnvuEcommerce.TestBase\AnvuEcommerce.TestBase.csproj", "{91853F21-9CD9-4132-BC29-A7D5D84FFFE7}"
EndProject
Project("{9A19103F-16F7-4668-BE54-9A1E7A4F7556}") = "AnvuEcommerce.DbMigrator", "src\AnvuEcommerce.DbMigrator\AnvuEcommerce.DbMigrator.csproj", "{AA94D832-1CCC-4715-95A9-A483F23A1A5D}"
EndProject
Project("{2150E333-8FDC-42A3-9474-1A3956D46DE8}") = "auth", "auth", "{3CED6C68-2172-4BA2-8FB4-74D6071AA445}"
EndProject
Project("{2150E333-8FDC-42A3-9474-1A3956D46DE8}") = "common", "common", "{6AD9D216-B452-4B90-ABE3-19099DEFCEB5}"
EndProject
Project("{2150E333-8FDC-42A3-9474-1A3956D46DE8}") = "domain", "domain", "{C15528F7-93BD-4FD8-B62A-3D0FAA82F427}"
EndProject
Project("{2150E333-8FDC-42A3-9474-1A3956D46DE8}") = "infrastructure", "infrastructure", "{54932AC7-F1B2-4120-99D5-724483E32043}"
EndProject
Project("{2150E333-8FDC-42A3-9474-1A3956D46DE8}") = "public", "public", "{CE8D2FEB-FA7B-4366-B510-0585BFB829D0}"
EndProject
Project("{2150E333-8FDC-42A3-9474-1A3956D46DE8}") = "admin", "admin", "{2713A8D0-80EF-4A42-9A41-222AB0562460}"
EndProject
Project("{9A19103F-16F7-4668-BE54-9A1E7A4F7556}") = "AnvuEcommerce.Admin.Application.Contracts", "src\AnvuEcommerce.Admin.Application.Contracts\AnvuEcommerce.Admin.Application.Contracts.csproj", "{45858A6D-F09A-4C3B-8DFF-0D111A98771B}"
EndProject
Project("{9A19103F-16F7-4668-BE54-9A1E7A4F7556}") = "AnvuEcommerce.Admin.HttpApi", "src\AnvuEcommerce.Admin.HttpApi\AnvuEcommerce.Admin.HttpApi.csproj", "{DCDD6DB3-BF76-41B8-93EF-786FC9013FB1}"
EndProject
Project("{9A19103F-16F7-4668-BE54-9A1E7A4F7556}") = "AnvuEcommerce.Admin.Application", "src\AnvuEcommerce.Admin.Application\AnvuEcommerce.Admin.Application.csproj", "{F85E428A-8F8D-42BE-A67F-FC8D8502D7A8}"
EndProject
Project("{9A19103F-16F7-4668-BE54-9A1E7A4F7556}") = "AnvuEcommerce.Admin.HttpApi.Client", "src\AnvuEcommerce.HttpApi.Admin.Client\AnvuEcommerce.Admin.HttpApi.Client.csproj", "{3BCB9774-E0CE-4583-8DE4-AC8B1239893A}"
EndProject
Project("{9A19103F-16F7-4668-BE54-9A1E7A4F7556}") = "AnvuEcommerce.Admin.HttpApi.Host", "src\AnvuEcommerce.HttpApi.Admin.Host\AnvuEcommerce.Admin.HttpApi.Host.csproj", "{B85766D0-D230-4434-BBD9-EF66C2ECF629}"
EndProject
Project("{2150E333-8FDC-42A3-9474-1A3956D46DE8}") = "public", "public", "{35B126D5-932F-49F0-A66F-678D4F35DDE3}"
EndProject
Project("{2150E333-8FDC-42A3-9474-1A3956D46DE8}") = "admin", "admin", "{BF574BB4-1096-485A-9C03-BAA079FA60F2}"
EndProject
Project("{9A19103F-16F7-4668-BE54-9A1E7A4F7556}") = "AnvuEcommerce.Admin.Application.Tests", "test\AnvuEcommerce.Admin.Application.Tests\AnvuEcommerce.Admin.Application.Tests.csproj", "{47356C8D-F221-4B66-8774-25818C269DBA}"
EndProject
Project("{9A19103F-16F7-4668-BE54-9A1E7A4F7556}") = "AnvuEcommerce.Admin.HttpApi.Client.ConsoleTestApp", "test\AnvuEcommerce.Admin.HttpApi.Client.ConsoleTestApp\AnvuEcommerce.Admin.HttpApi.Client.ConsoleTestApp.csproj", "{3132E9E8-50B7-4527-A809-41C9FAF3FCE1}"
EndProject
Project("{2150E333-8FDC-42A3-9474-1A3956D46DE8}") = "shared", "shared", "{45FF69AF-861F-4368-8F84-684D6693651D}"
EndProject
Project("{9A19103F-16F7-4668-BE54-9A1E7A4F7556}") = "AnvuEcommerce.Public.HttpApi.Client.ConsoleTestApp", "test\AnvuEcommerce.Public.HttpApi.Client.ConsoleTestApp\AnvuEcommerce.Public.HttpApi.Client.ConsoleTestApp.csproj", "{5B051BB5-F2CF-4CA6-88F3-48B28FC6D5ED}"
EndProject
Project("{9A19103F-16F7-4668-BE54-9A1E7A4F7556}") = "AnvuEcommerce.Public.Application.Tests", "test\AnvuEcommerce.Public.Application.Tests\AnvuEcommerce.Public.Application.Tests.csproj", "{C5F1CDF5-E009-42AD-A107-999A21B6A0E1}"
EndProject
Project("{9A19103F-16F7-4668-BE54-9A1E7A4F7556}") = "AnvuEcommerce.Domain.Tests", "test\AnvuEcommerce.Domain.Tests\AnvuEcommerce.Domain.Tests.csproj", "{B2CFEE2E-16D3-4EC8-B7A0-8FB61FBE9668}"
EndProject
Project("{9A19103F-16F7-4668-BE54-9A1E7A4F7556}") = "AnvuEcommerce.Public.Application", "src\AnvuEcommerce.Public.Application\AnvuEcommerce.Public.Application.csproj", "{456D26A2-3837-4959-AE6D-63FCD4A1E5B5}"
EndProject
Project("{9A19103F-16F7-4668-BE54-9A1E7A4F7556}") = "AnvuEcommerce.Public.Application.Contracts", "src\AnvuEcommerce.Public.Application.Contracts\AnvuEcommerce.Public.Application.Contracts.csproj", "{ACA60F23-6FC0-4B8C-9F6B-8F5586835C78}"
EndProject
Project("{9A19103F-16F7-4668-BE54-9A1E7A4F7556}") = "AnvuEcommerce.Public.HttpApi", "src\AnvuEcommerce.Public.HttpApi\AnvuEcommerce.Public.HttpApi.csproj", "{9B7FEF83-F052-4E92-8608-C7518DFC07F4}"
EndProject
Project("{9A19103F-16F7-4668-BE54-9A1E7A4F7556}") = "AnvuEcommerce.Public.HttpApi.Client", "src\AnvuEcommerce.Public.HttpApi.Client\AnvuEcommerce.Public.HttpApi.Client.csproj", "{586A1C72-1687-4C0B-B267-EC629E581B2B}"
EndProject
Project("{9A19103F-16F7-4668-BE54-9A1E7A4F7556}") = "AnvuEcommerce.Public.Web", "src\AnvuEcommerce.Public.Web\AnvuEcommerce.Public.Web.csproj", "{287DD802-D56C-4CCA-BE9F-DB1F00D1111C}"
EndProject
Global
	GlobalSection(SolutionConfigurationPlatforms) = preSolution
		Debug|Any CPU = Debug|Any CPU
		Release|Any CPU = Release|Any CPU
	EndGlobalSection
	GlobalSection(ProjectConfigurationPlatforms) = postSolution
		{554AD327-6DBA-4F8F-96F8-81CE7A0C863F}.Debug|Any CPU.ActiveCfg = Debug|Any CPU
		{554AD327-6DBA-4F8F-96F8-81CE7A0C863F}.Debug|Any CPU.Build.0 = Debug|Any CPU
		{554AD327-6DBA-4F8F-96F8-81CE7A0C863F}.Release|Any CPU.ActiveCfg = Release|Any CPU
		{554AD327-6DBA-4F8F-96F8-81CE7A0C863F}.Release|Any CPU.Build.0 = Release|Any CPU
		{C956DD76-69C8-4A9C-83EA-D17DF83340FD}.Debug|Any CPU.ActiveCfg = Debug|Any CPU
		{C956DD76-69C8-4A9C-83EA-D17DF83340FD}.Debug|Any CPU.Build.0 = Debug|Any CPU
		{C956DD76-69C8-4A9C-83EA-D17DF83340FD}.Release|Any CPU.ActiveCfg = Release|Any CPU
		{C956DD76-69C8-4A9C-83EA-D17DF83340FD}.Release|Any CPU.Build.0 = Release|Any CPU
		{42F719ED-8413-4895-B5B4-5AB56079BC66}.Debug|Any CPU.ActiveCfg = Debug|Any CPU
		{42F719ED-8413-4895-B5B4-5AB56079BC66}.Debug|Any CPU.Build.0 = Debug|Any CPU
		{42F719ED-8413-4895-B5B4-5AB56079BC66}.Release|Any CPU.ActiveCfg = Release|Any CPU
		{42F719ED-8413-4895-B5B4-5AB56079BC66}.Release|Any CPU.Build.0 = Release|Any CPU
		{073C361E-B8F4-49F5-93CC-72A3FF49C026}.Debug|Any CPU.ActiveCfg = Debug|Any CPU
		{073C361E-B8F4-49F5-93CC-72A3FF49C026}.Debug|Any CPU.Build.0 = Debug|Any CPU
		{073C361E-B8F4-49F5-93CC-72A3FF49C026}.Release|Any CPU.ActiveCfg = Release|Any CPU
		{073C361E-B8F4-49F5-93CC-72A3FF49C026}.Release|Any CPU.Build.0 = Release|Any CPU
		{1FE30EB9-74A9-47F5-A9F6-7B1FAB672D81}.Debug|Any CPU.ActiveCfg = Debug|Any CPU
		{1FE30EB9-74A9-47F5-A9F6-7B1FAB672D81}.Debug|Any CPU.Build.0 = Debug|Any CPU
		{1FE30EB9-74A9-47F5-A9F6-7B1FAB672D81}.Release|Any CPU.ActiveCfg = Release|Any CPU
		{1FE30EB9-74A9-47F5-A9F6-7B1FAB672D81}.Release|Any CPU.Build.0 = Release|Any CPU
		{91853F21-9CD9-4132-BC29-A7D5D84FFFE7}.Debug|Any CPU.ActiveCfg = Debug|Any CPU
		{91853F21-9CD9-4132-BC29-A7D5D84FFFE7}.Debug|Any CPU.Build.0 = Debug|Any CPU
		{91853F21-9CD9-4132-BC29-A7D5D84FFFE7}.Release|Any CPU.ActiveCfg = Release|Any CPU
		{91853F21-9CD9-4132-BC29-A7D5D84FFFE7}.Release|Any CPU.Build.0 = Release|Any CPU
		{AA94D832-1CCC-4715-95A9-A483F23A1A5D}.Debug|Any CPU.ActiveCfg = Debug|Any CPU
		{AA94D832-1CCC-4715-95A9-A483F23A1A5D}.Debug|Any CPU.Build.0 = Debug|Any CPU
		{AA94D832-1CCC-4715-95A9-A483F23A1A5D}.Release|Any CPU.ActiveCfg = Release|Any CPU
		{AA94D832-1CCC-4715-95A9-A483F23A1A5D}.Release|Any CPU.Build.0 = Release|Any CPU
		{45858A6D-F09A-4C3B-8DFF-0D111A98771B}.Debug|Any CPU.ActiveCfg = Debug|Any CPU
		{45858A6D-F09A-4C3B-8DFF-0D111A98771B}.Debug|Any CPU.Build.0 = Debug|Any CPU
		{45858A6D-F09A-4C3B-8DFF-0D111A98771B}.Release|Any CPU.ActiveCfg = Release|Any CPU
		{45858A6D-F09A-4C3B-8DFF-0D111A98771B}.Release|Any CPU.Build.0 = Release|Any CPU
		{DCDD6DB3-BF76-41B8-93EF-786FC9013FB1}.Debug|Any CPU.ActiveCfg = Debug|Any CPU
		{DCDD6DB3-BF76-41B8-93EF-786FC9013FB1}.Debug|Any CPU.Build.0 = Debug|Any CPU
		{DCDD6DB3-BF76-41B8-93EF-786FC9013FB1}.Release|Any CPU.ActiveCfg = Release|Any CPU
		{DCDD6DB3-BF76-41B8-93EF-786FC9013FB1}.Release|Any CPU.Build.0 = Release|Any CPU
		{F85E428A-8F8D-42BE-A67F-FC8D8502D7A8}.Debug|Any CPU.ActiveCfg = Debug|Any CPU
		{F85E428A-8F8D-42BE-A67F-FC8D8502D7A8}.Debug|Any CPU.Build.0 = Debug|Any CPU
		{F85E428A-8F8D-42BE-A67F-FC8D8502D7A8}.Release|Any CPU.ActiveCfg = Release|Any CPU
		{F85E428A-8F8D-42BE-A67F-FC8D8502D7A8}.Release|Any CPU.Build.0 = Release|Any CPU
		{3BCB9774-E0CE-4583-8DE4-AC8B1239893A}.Debug|Any CPU.ActiveCfg = Debug|Any CPU
		{3BCB9774-E0CE-4583-8DE4-AC8B1239893A}.Debug|Any CPU.Build.0 = Debug|Any CPU
		{3BCB9774-E0CE-4583-8DE4-AC8B1239893A}.Release|Any CPU.ActiveCfg = Release|Any CPU
		{3BCB9774-E0CE-4583-8DE4-AC8B1239893A}.Release|Any CPU.Build.0 = Release|Any CPU
		{B85766D0-D230-4434-BBD9-EF66C2ECF629}.Debug|Any CPU.ActiveCfg = Debug|Any CPU
		{B85766D0-D230-4434-BBD9-EF66C2ECF629}.Debug|Any CPU.Build.0 = Debug|Any CPU
		{B85766D0-D230-4434-BBD9-EF66C2ECF629}.Release|Any CPU.ActiveCfg = Release|Any CPU
		{B85766D0-D230-4434-BBD9-EF66C2ECF629}.Release|Any CPU.Build.0 = Release|Any CPU
		{47356C8D-F221-4B66-8774-25818C269DBA}.Debug|Any CPU.ActiveCfg = Debug|Any CPU
		{47356C8D-F221-4B66-8774-25818C269DBA}.Debug|Any CPU.Build.0 = Debug|Any CPU
		{47356C8D-F221-4B66-8774-25818C269DBA}.Release|Any CPU.ActiveCfg = Release|Any CPU
		{47356C8D-F221-4B66-8774-25818C269DBA}.Release|Any CPU.Build.0 = Release|Any CPU
		{3132E9E8-50B7-4527-A809-41C9FAF3FCE1}.Debug|Any CPU.ActiveCfg = Debug|Any CPU
		{3132E9E8-50B7-4527-A809-41C9FAF3FCE1}.Debug|Any CPU.Build.0 = Debug|Any CPU
		{3132E9E8-50B7-4527-A809-41C9FAF3FCE1}.Release|Any CPU.ActiveCfg = Release|Any CPU
		{3132E9E8-50B7-4527-A809-41C9FAF3FCE1}.Release|Any CPU.Build.0 = Release|Any CPU
		{5B051BB5-F2CF-4CA6-88F3-48B28FC6D5ED}.Debug|Any CPU.ActiveCfg = Debug|Any CPU
		{5B051BB5-F2CF-4CA6-88F3-48B28FC6D5ED}.Debug|Any CPU.Build.0 = Debug|Any CPU
		{5B051BB5-F2CF-4CA6-88F3-48B28FC6D5ED}.Release|Any CPU.ActiveCfg = Release|Any CPU
		{5B051BB5-F2CF-4CA6-88F3-48B28FC6D5ED}.Release|Any CPU.Build.0 = Release|Any CPU
		{C5F1CDF5-E009-42AD-A107-999A21B6A0E1}.Debug|Any CPU.ActiveCfg = Debug|Any CPU
		{C5F1CDF5-E009-42AD-A107-999A21B6A0E1}.Debug|Any CPU.Build.0 = Debug|Any CPU
		{C5F1CDF5-E009-42AD-A107-999A21B6A0E1}.Release|Any CPU.ActiveCfg = Release|Any CPU
		{C5F1CDF5-E009-42AD-A107-999A21B6A0E1}.Release|Any CPU.Build.0 = Release|Any CPU
		{B2CFEE2E-16D3-4EC8-B7A0-8FB61FBE9668}.Debug|Any CPU.ActiveCfg = Debug|Any CPU
		{B2CFEE2E-16D3-4EC8-B7A0-8FB61FBE9668}.Debug|Any CPU.Build.0 = Debug|Any CPU
		{B2CFEE2E-16D3-4EC8-B7A0-8FB61FBE9668}.Release|Any CPU.ActiveCfg = Release|Any CPU
		{B2CFEE2E-16D3-4EC8-B7A0-8FB61FBE9668}.Release|Any CPU.Build.0 = Release|Any CPU
		{456D26A2-3837-4959-AE6D-63FCD4A1E5B5}.Debug|Any CPU.ActiveCfg = Debug|Any CPU
		{456D26A2-3837-4959-AE6D-63FCD4A1E5B5}.Debug|Any CPU.Build.0 = Debug|Any CPU
		{456D26A2-3837-4959-AE6D-63FCD4A1E5B5}.Release|Any CPU.ActiveCfg = Release|Any CPU
		{456D26A2-3837-4959-AE6D-63FCD4A1E5B5}.Release|Any CPU.Build.0 = Release|Any CPU
		{ACA60F23-6FC0-4B8C-9F6B-8F5586835C78}.Debug|Any CPU.ActiveCfg = Debug|Any CPU
		{ACA60F23-6FC0-4B8C-9F6B-8F5586835C78}.Debug|Any CPU.Build.0 = Debug|Any CPU
		{ACA60F23-6FC0-4B8C-9F6B-8F5586835C78}.Release|Any CPU.ActiveCfg = Release|Any CPU
		{ACA60F23-6FC0-4B8C-9F6B-8F5586835C78}.Release|Any CPU.Build.0 = Release|Any CPU
		{9B7FEF83-F052-4E92-8608-C7518DFC07F4}.Debug|Any CPU.ActiveCfg = Debug|Any CPU
		{9B7FEF83-F052-4E92-8608-C7518DFC07F4}.Debug|Any CPU.Build.0 = Debug|Any CPU
		{9B7FEF83-F052-4E92-8608-C7518DFC07F4}.Release|Any CPU.ActiveCfg = Release|Any CPU
		{9B7FEF83-F052-4E92-8608-C7518DFC07F4}.Release|Any CPU.Build.0 = Release|Any CPU
		{586A1C72-1687-4C0B-B267-EC629E581B2B}.Debug|Any CPU.ActiveCfg = Debug|Any CPU
		{586A1C72-1687-4C0B-B267-EC629E581B2B}.Debug|Any CPU.Build.0 = Debug|Any CPU
		{586A1C72-1687-4C0B-B267-EC629E581B2B}.Release|Any CPU.ActiveCfg = Release|Any CPU
		{586A1C72-1687-4C0B-B267-EC629E581B2B}.Release|Any CPU.Build.0 = Release|Any CPU
		{287DD802-D56C-4CCA-BE9F-DB1F00D1111C}.Debug|Any CPU.ActiveCfg = Debug|Any CPU
		{287DD802-D56C-4CCA-BE9F-DB1F00D1111C}.Debug|Any CPU.Build.0 = Debug|Any CPU
		{287DD802-D56C-4CCA-BE9F-DB1F00D1111C}.Release|Any CPU.ActiveCfg = Release|Any CPU
		{287DD802-D56C-4CCA-BE9F-DB1F00D1111C}.Release|Any CPU.Build.0 = Release|Any CPU
	EndGlobalSection
	GlobalSection(SolutionProperties) = preSolution
		HideSolutionNode = FALSE
	EndGlobalSection
	GlobalSection(NestedProjects) = preSolution
		{554AD327-6DBA-4F8F-96F8-81CE7A0C863F} = {C15528F7-93BD-4FD8-B62A-3D0FAA82F427}
		{C956DD76-69C8-4A9C-83EA-D17DF83340FD} = {54932AC7-F1B2-4120-99D5-724483E32043}
		{42F719ED-8413-4895-B5B4-5AB56079BC66} = {C15528F7-93BD-4FD8-B62A-3D0FAA82F427}
		{073C361E-B8F4-49F5-93CC-72A3FF49C026} = {3CED6C68-2172-4BA2-8FB4-74D6071AA445}
		{1FE30EB9-74A9-47F5-A9F6-7B1FAB672D81} = {45FF69AF-861F-4368-8F84-684D6693651D}
		{91853F21-9CD9-4132-BC29-A7D5D84FFFE7} = {45FF69AF-861F-4368-8F84-684D6693651D}
		{AA94D832-1CCC-4715-95A9-A483F23A1A5D} = {54932AC7-F1B2-4120-99D5-724483E32043}
		{3CED6C68-2172-4BA2-8FB4-74D6071AA445} = {CA9AC87F-097E-4F15-8393-4BC07735A5B0}
		{6AD9D216-B452-4B90-ABE3-19099DEFCEB5} = {CA9AC87F-097E-4F15-8393-4BC07735A5B0}
		{C15528F7-93BD-4FD8-B62A-3D0FAA82F427} = {6AD9D216-B452-4B90-ABE3-19099DEFCEB5}
		{54932AC7-F1B2-4120-99D5-724483E32043} = {6AD9D216-B452-4B90-ABE3-19099DEFCEB5}
		{CE8D2FEB-FA7B-4366-B510-0585BFB829D0} = {CA9AC87F-097E-4F15-8393-4BC07735A5B0}
		{2713A8D0-80EF-4A42-9A41-222AB0562460} = {CA9AC87F-097E-4F15-8393-4BC07735A5B0}
		{45858A6D-F09A-4C3B-8DFF-0D111A98771B} = {2713A8D0-80EF-4A42-9A41-222AB0562460}
		{DCDD6DB3-BF76-41B8-93EF-786FC9013FB1} = {2713A8D0-80EF-4A42-9A41-222AB0562460}
		{F85E428A-8F8D-42BE-A67F-FC8D8502D7A8} = {2713A8D0-80EF-4A42-9A41-222AB0562460}
		{3BCB9774-E0CE-4583-8DE4-AC8B1239893A} = {2713A8D0-80EF-4A42-9A41-222AB0562460}
		{B85766D0-D230-4434-BBD9-EF66C2ECF629} = {2713A8D0-80EF-4A42-9A41-222AB0562460}
		{35B126D5-932F-49F0-A66F-678D4F35DDE3} = {04DBDB01-70F4-4E06-B468-8F87850B22BE}
		{BF574BB4-1096-485A-9C03-BAA079FA60F2} = {04DBDB01-70F4-4E06-B468-8F87850B22BE}
		{47356C8D-F221-4B66-8774-25818C269DBA} = {BF574BB4-1096-485A-9C03-BAA079FA60F2}
		{3132E9E8-50B7-4527-A809-41C9FAF3FCE1} = {BF574BB4-1096-485A-9C03-BAA079FA60F2}
		{45FF69AF-861F-4368-8F84-684D6693651D} = {04DBDB01-70F4-4E06-B468-8F87850B22BE}
		{5B051BB5-F2CF-4CA6-88F3-48B28FC6D5ED} = {35B126D5-932F-49F0-A66F-678D4F35DDE3}
		{C5F1CDF5-E009-42AD-A107-999A21B6A0E1} = {35B126D5-932F-49F0-A66F-678D4F35DDE3}
		{B2CFEE2E-16D3-4EC8-B7A0-8FB61FBE9668} = {45FF69AF-861F-4368-8F84-684D6693651D}
		{456D26A2-3837-4959-AE6D-63FCD4A1E5B5} = {CE8D2FEB-FA7B-4366-B510-0585BFB829D0}
		{ACA60F23-6FC0-4B8C-9F6B-8F5586835C78} = {CE8D2FEB-FA7B-4366-B510-0585BFB829D0}
		{9B7FEF83-F052-4E92-8608-C7518DFC07F4} = {CE8D2FEB-FA7B-4366-B510-0585BFB829D0}
		{586A1C72-1687-4C0B-B267-EC629E581B2B} = {CE8D2FEB-FA7B-4366-B510-0585BFB829D0}
		{287DD802-D56C-4CCA-BE9F-DB1F00D1111C} = {CE8D2FEB-FA7B-4366-B510-0585BFB829D0}
	EndGlobalSection
	GlobalSection(ExtensibilityGlobals) = postSolution
		SolutionGuid = {28315BFD-90E7-4E14-A2EA-F3D23AF4126F}
	EndGlobalSection
EndGlobal
